
Microsoft Visual Studio Solution File, Format Version 10.00
# Visual Studio 2008
Project("{8BC9CEB8-8B4A-11D0-8D11-00A0C91BC942}") = "Jet Star", "Jet Star.vcproj", "{02796F46-3091-4C1E-A078-188F1DF978AE}"
EndProject
Global
	GlobalSection(SolutionConfigurationPlatforms) = preSolution
		Debug|Win32 = Debug|Win32
		Release|Win32 = Release|Win32
	EndGlobalSection
	GlobalSection(ProjectConfigurationPlatforms) = postSolution
		{02796F46-3091-4C1E-A078-188F1DF978AE}.Debug|Win32.ActiveCfg = Debug|Win32
		{02796F46-3091-4C1E-A078-188F1DF978AE}.Debug|Win32.Build.0 = Debug|Win32
		{02796F46-3091-4C1E-A078-188F1DF978AE}.Release|Win32.ActiveCfg = Release|Win32
		{02796F46-3091-4C1E-A078-188F1DF978AE}.Release|Win32.Build.0 = Release|Win32
	EndGlobalSection
	GlobalSection(SolutionProperties) = preSolution
		HideSolutionNode = FALSE
	EndGlobalSection
EndGlobal
